// !$*UTF8*$!
{
	archiveVersion = 1;
	classes = {
	};
	objectVersion = 56;
	objects = {

/* Begin PBXBuildFile section */
		1A1765E62B6BC9A6002DD773 /* SampleAdItemsAPI.swift in Sources */ = {isa = PBXBuildFile; fileRef = 1A1765E52B6BC9A6002DD773 /* SampleAdItemsAPI.swift */; };
		1A1765E82B6BD04E002DD773 /* SampleKeychain.swift in Sources */ = {isa = PBXBuildFile; fileRef = 1A1765E72B6BD04E002DD773 /* SampleKeychain.swift */; };
		1A1765EA2B6BD3B8002DD773 /* SampleUserDefaults.swift in Sources */ = {isa = PBXBuildFile; fileRef = 1A1765E92B6BD3B8002DD773 /* SampleUserDefaults.swift */; };
		1A55DB4C2B77260D00C7CCDA /* Main.storyboard in Resources */ = {isa = PBXBuildFile; fileRef = 1A55DB4B2B77260D00C7CCDA /* Main.storyboard */; };
		1A8AC2052B77299D0027962A /* R.generated.swift in Sources */ = {isa = PBXBuildFile; fileRef = 1A8AC2042B77299C0027962A /* R.generated.swift */; };
		1A8AC2082B772C3E0027962A /* StudyRoom.storyboard in Resources */ = {isa = PBXBuildFile; fileRef = 1A8AC2072B772C3E0027962A /* StudyRoom.storyboard */; };
		1A8AC20A2B772C4F0027962A /* StudyRoomViewController.swift in Sources */ = {isa = PBXBuildFile; fileRef = 1A8AC2092B772C4F0027962A /* StudyRoomViewController.swift */; };
		1A8AC20D2B772CBA0027962A /* RankingAndSearch.storyboard in Resources */ = {isa = PBXBuildFile; fileRef = 1A8AC20C2B772CBA0027962A /* RankingAndSearch.storyboard */; };
		1A8AC20F2B772CC80027962A /* RankingAndSearchViewController.swift in Sources */ = {isa = PBXBuildFile; fileRef = 1A8AC20E2B772CC80027962A /* RankingAndSearchViewController.swift */; };
		1A8AC2162B772ECC0027962A /* AccountSettings.storyboard in Resources */ = {isa = PBXBuildFile; fileRef = 1A8AC2152B772ECC0027962A /* AccountSettings.storyboard */; };
		1A8AC2182B772EDC0027962A /* AccountSettingsViewController.swift in Sources */ = {isa = PBXBuildFile; fileRef = 1A8AC2172B772EDC0027962A /* AccountSettingsViewController.swift */; };
		1AB7870A2B7731F400D673E1 /* AccountDisplay.storyboard in Resources */ = {isa = PBXBuildFile; fileRef = 1AB787092B7731F400D673E1 /* AccountDisplay.storyboard */; };
		1AB7870C2B77320300D673E1 /* AccountDisplayViewController.swift in Sources */ = {isa = PBXBuildFile; fileRef = 1AB7870B2B77320200D673E1 /* AccountDisplayViewController.swift */; };
		1AB7870F2B7733BA00D673E1 /* GridSelection.storyboard in Resources */ = {isa = PBXBuildFile; fileRef = 1AB7870E2B7733BA00D673E1 /* GridSelection.storyboard */; };
		1AB787112B7733CB00D673E1 /* GridSelectionViewController.swift in Sources */ = {isa = PBXBuildFile; fileRef = 1AB787102B7733CB00D673E1 /* GridSelectionViewController.swift */; };
		1AB7871E2B775B6000D673E1 /* Common.swift in Sources */ = {isa = PBXBuildFile; fileRef = 1AB7871D2B775B6000D673E1 /* Common.swift */; };
		1AB787202B776FB900D673E1 /* User.swift in Sources */ = {isa = PBXBuildFile; fileRef = 1AB7871F2B776FB900D673E1 /* User.swift */; };
		1AB787262B77717A00D673E1 /* Users.swift in Sources */ = {isa = PBXBuildFile; fileRef = 1AB787252B77717A00D673E1 /* Users.swift */; };
		1AB787282B7772FE00D673E1 /* Entry.swift in Sources */ = {isa = PBXBuildFile; fileRef = 1AB787272B7772FE00D673E1 /* Entry.swift */; };
		1AB7872A2B77732000D673E1 /* Exit.swift in Sources */ = {isa = PBXBuildFile; fileRef = 1AB787292B77732000D673E1 /* Exit.swift */; };
		1AB7872B2B7782B000D673E1 /* UIImageView+Exetnsion.swift in Sources */ = {isa = PBXBuildFile; fileRef = 1AD8B3DF2B6B859800C38E9D /* UIImageView+Exetnsion.swift */; };
		1AB7872C2B7782B000D673E1 /* DateFormatter+Exetnsion.swift in Sources */ = {isa = PBXBuildFile; fileRef = 1AD8B3DB2B6B854900C38E9D /* DateFormatter+Exetnsion.swift */; };
		1AB7872D2B7782B000D673E1 /* Logger.swift in Sources */ = {isa = PBXBuildFile; fileRef = 1AD8B3C72B6B80FA00C38E9D /* Logger.swift */; };
		1ABA1F522B6E3B9300D0BBA5 /* GoogleService-Info-Template.plist in Resources */ = {isa = PBXBuildFile; fileRef = 1ABA1F502B6E3B9300D0BBA5 /* GoogleService-Info-Template.plist */; };
		1ABA1F532B6E3B9300D0BBA5 /* GoogleService-Info.plist in Resources */ = {isa = PBXBuildFile; fileRef = 1ABA1F512B6E3B9300D0BBA5 /* GoogleService-Info.plist */; };
		1AD8B3962B6B78E300C38E9D /* AppDelegate.swift in Sources */ = {isa = PBXBuildFile; fileRef = 1AD8B3952B6B78E300C38E9D /* AppDelegate.swift */; };
		1AD8B3982B6B78E300C38E9D /* SceneDelegate.swift in Sources */ = {isa = PBXBuildFile; fileRef = 1AD8B3972B6B78E300C38E9D /* SceneDelegate.swift */; };
		1AD8B39F2B6B78E500C38E9D /* Assets.xcassets in Resources */ = {isa = PBXBuildFile; fileRef = 1AD8B39E2B6B78E500C38E9D /* Assets.xcassets */; };
		1AD8B3A22B6B78E500C38E9D /* LaunchScreen.storyboard in Resources */ = {isa = PBXBuildFile; fileRef = 1AD8B3A02B6B78E500C38E9D /* LaunchScreen.storyboard */; };
		1AD8B3AD2B6B78E600C38E9D /* qiita_hackathonTests.swift in Sources */ = {isa = PBXBuildFile; fileRef = 1AD8B3AC2B6B78E600C38E9D /* qiita_hackathonTests.swift */; };
		1AD8B3B72B6B78E600C38E9D /* qiita_hackathonUITests.swift in Sources */ = {isa = PBXBuildFile; fileRef = 1AD8B3B62B6B78E600C38E9D /* qiita_hackathonUITests.swift */; };
		1AD8B3B92B6B78E600C38E9D /* qiita_hackathonUITestsLaunchTests.swift in Sources */ = {isa = PBXBuildFile; fileRef = 1AD8B3B82B6B78E600C38E9D /* qiita_hackathonUITestsLaunchTests.swift */; };
		1AF4AEFC2B6BAEE600B3F725 /* SampleAdItem.swift in Sources */ = {isa = PBXBuildFile; fileRef = 1AF4AEFB2B6BAEE600B3F725 /* SampleAdItem.swift */; };
		469B1CB90793352309DBE981 /* Pods_All_qiita_hackathon.framework in Frameworks */ = {isa = PBXBuildFile; fileRef = 265090106D418D89CA353673 /* Pods_All_qiita_hackathon.framework */; };
		5359E4F42B776E3B0030FBBF /* GridSelectionCell.swift in Sources */ = {isa = PBXBuildFile; fileRef = 5359E4F22B776E3B0030FBBF /* GridSelectionCell.swift */; };
		5359E4F52B776E3B0030FBBF /* GridSelectionCell.xib in Resources */ = {isa = PBXBuildFile; fileRef = 5359E4F32B776E3B0030FBBF /* GridSelectionCell.xib */; };
		5359E4F82B7773720030FBBF /* StudyRoomCell.swift in Sources */ = {isa = PBXBuildFile; fileRef = 5359E4F62B7773720030FBBF /* StudyRoomCell.swift */; };
		5359E4F92B7773720030FBBF /* StudyRoomCell.xib in Resources */ = {isa = PBXBuildFile; fileRef = 5359E4F72B7773720030FBBF /* StudyRoomCell.xib */; };
		A92CBF23A4F970838DD6FE0E /* Pods_All_qiita_hackathonUITests.framework in Frameworks */ = {isa = PBXBuildFile; fileRef = EEA06B7B3D5259A88F962E55 /* Pods_All_qiita_hackathonUITests.framework */; };
		FD0A27CF5F21C4C6F746DB30 /* Pods_qiita_hackathonTests.framework in Frameworks */ = {isa = PBXBuildFile; fileRef = 2A82E8F8E84A8D2DD35C0D9F /* Pods_qiita_hackathonTests.framework */; };
/* End PBXBuildFile section */

/* Begin PBXContainerItemProxy section */
		1AD8B3A92B6B78E600C38E9D /* PBXContainerItemProxy */ = {
			isa = PBXContainerItemProxy;
			containerPortal = 1AD8B38A2B6B78E300C38E9D /* Project object */;
			proxyType = 1;
			remoteGlobalIDString = 1AD8B3912B6B78E300C38E9D;
			remoteInfo = qiita_hackathon;
		};
		1AD8B3B32B6B78E600C38E9D /* PBXContainerItemProxy */ = {
			isa = PBXContainerItemProxy;
			containerPortal = 1AD8B38A2B6B78E300C38E9D /* Project object */;
			proxyType = 1;
			remoteGlobalIDString = 1AD8B3912B6B78E300C38E9D;
			remoteInfo = qiita_hackathon;
		};
/* End PBXContainerItemProxy section */

/* Begin PBXCopyFilesBuildPhase section */
		1AD8B3D92B6B827D00C38E9D /* Embed Frameworks */ = {
			isa = PBXCopyFilesBuildPhase;
			buildActionMask = 2147483647;
			dstPath = "";
			dstSubfolderSpec = 10;
			files = (
			);
			name = "Embed Frameworks";
			runOnlyForDeploymentPostprocessing = 0;
		};
/* End PBXCopyFilesBuildPhase section */

/* Begin PBXFileReference section */
		1340BA463C0928E797856E17 /* Pods-All-qiita_hackathonUITests.debug.xcconfig */ = {isa = PBXFileReference; includeInIndex = 1; lastKnownFileType = text.xcconfig; name = "Pods-All-qiita_hackathonUITests.debug.xcconfig"; path = "Target Support Files/Pods-All-qiita_hackathonUITests/Pods-All-qiita_hackathonUITests.debug.xcconfig"; sourceTree = "<group>"; };
		1A1765E52B6BC9A6002DD773 /* SampleAdItemsAPI.swift */ = {isa = PBXFileReference; lastKnownFileType = sourcecode.swift; path = SampleAdItemsAPI.swift; sourceTree = "<group>"; };
		1A1765E72B6BD04E002DD773 /* SampleKeychain.swift */ = {isa = PBXFileReference; lastKnownFileType = sourcecode.swift; path = SampleKeychain.swift; sourceTree = "<group>"; };
		1A1765E92B6BD3B8002DD773 /* SampleUserDefaults.swift */ = {isa = PBXFileReference; lastKnownFileType = sourcecode.swift; path = SampleUserDefaults.swift; sourceTree = "<group>"; };
		1A55DB4B2B77260D00C7CCDA /* Main.storyboard */ = {isa = PBXFileReference; lastKnownFileType = file.storyboard; path = Main.storyboard; sourceTree = "<group>"; };
		1A8AC2042B77299C0027962A /* R.generated.swift */ = {isa = PBXFileReference; fileEncoding = 4; lastKnownFileType = sourcecode.swift; path = R.generated.swift; sourceTree = SOURCE_ROOT; };
		1A8AC2072B772C3E0027962A /* StudyRoom.storyboard */ = {isa = PBXFileReference; lastKnownFileType = file.storyboard; path = StudyRoom.storyboard; sourceTree = "<group>"; };
		1A8AC2092B772C4F0027962A /* StudyRoomViewController.swift */ = {isa = PBXFileReference; lastKnownFileType = sourcecode.swift; path = StudyRoomViewController.swift; sourceTree = "<group>"; };
		1A8AC20C2B772CBA0027962A /* RankingAndSearch.storyboard */ = {isa = PBXFileReference; lastKnownFileType = file.storyboard; path = RankingAndSearch.storyboard; sourceTree = "<group>"; };
		1A8AC20E2B772CC80027962A /* RankingAndSearchViewController.swift */ = {isa = PBXFileReference; lastKnownFileType = sourcecode.swift; path = RankingAndSearchViewController.swift; sourceTree = "<group>"; };
		1A8AC2152B772ECC0027962A /* AccountSettings.storyboard */ = {isa = PBXFileReference; lastKnownFileType = file.storyboard; path = AccountSettings.storyboard; sourceTree = "<group>"; };
		1A8AC2172B772EDC0027962A /* AccountSettingsViewController.swift */ = {isa = PBXFileReference; lastKnownFileType = sourcecode.swift; path = AccountSettingsViewController.swift; sourceTree = "<group>"; };
		1AB787092B7731F400D673E1 /* AccountDisplay.storyboard */ = {isa = PBXFileReference; lastKnownFileType = file.storyboard; path = AccountDisplay.storyboard; sourceTree = "<group>"; };
		1AB7870B2B77320200D673E1 /* AccountDisplayViewController.swift */ = {isa = PBXFileReference; lastKnownFileType = sourcecode.swift; path = AccountDisplayViewController.swift; sourceTree = "<group>"; };
		1AB7870E2B7733BA00D673E1 /* GridSelection.storyboard */ = {isa = PBXFileReference; lastKnownFileType = file.storyboard; path = GridSelection.storyboard; sourceTree = "<group>"; };
		1AB787102B7733CB00D673E1 /* GridSelectionViewController.swift */ = {isa = PBXFileReference; lastKnownFileType = sourcecode.swift; path = GridSelectionViewController.swift; sourceTree = "<group>"; };
		1AB7871D2B775B6000D673E1 /* Common.swift */ = {isa = PBXFileReference; lastKnownFileType = sourcecode.swift; path = Common.swift; sourceTree = "<group>"; };
		1AB7871F2B776FB900D673E1 /* User.swift */ = {isa = PBXFileReference; lastKnownFileType = sourcecode.swift; path = User.swift; sourceTree = "<group>"; };
		1AB787252B77717A00D673E1 /* Users.swift */ = {isa = PBXFileReference; lastKnownFileType = sourcecode.swift; path = Users.swift; sourceTree = "<group>"; };
		1AB787272B7772FE00D673E1 /* Entry.swift */ = {isa = PBXFileReference; lastKnownFileType = sourcecode.swift; path = Entry.swift; sourceTree = "<group>"; };
		1AB787292B77732000D673E1 /* Exit.swift */ = {isa = PBXFileReference; lastKnownFileType = sourcecode.swift; path = Exit.swift; sourceTree = "<group>"; };
		1ABA1F502B6E3B9300D0BBA5 /* GoogleService-Info-Template.plist */ = {isa = PBXFileReference; lastKnownFileType = text.plist; path = "GoogleService-Info-Template.plist"; sourceTree = SOURCE_ROOT; };
		1ABA1F512B6E3B9300D0BBA5 /* GoogleService-Info.plist */ = {isa = PBXFileReference; lastKnownFileType = text.plist; path = "GoogleService-Info.plist"; sourceTree = SOURCE_ROOT; };
		1AD8B3922B6B78E300C38E9D /* qiita_hackathon.app */ = {isa = PBXFileReference; explicitFileType = wrapper.application; includeInIndex = 0; path = qiita_hackathon.app; sourceTree = BUILT_PRODUCTS_DIR; };
		1AD8B3952B6B78E300C38E9D /* AppDelegate.swift */ = {isa = PBXFileReference; lastKnownFileType = sourcecode.swift; path = AppDelegate.swift; sourceTree = "<group>"; };
		1AD8B3972B6B78E300C38E9D /* SceneDelegate.swift */ = {isa = PBXFileReference; lastKnownFileType = sourcecode.swift; path = SceneDelegate.swift; sourceTree = "<group>"; };
		1AD8B39E2B6B78E500C38E9D /* Assets.xcassets */ = {isa = PBXFileReference; lastKnownFileType = folder.assetcatalog; path = Assets.xcassets; sourceTree = "<group>"; };
		1AD8B3A12B6B78E500C38E9D /* Base */ = {isa = PBXFileReference; lastKnownFileType = file.storyboard; name = Base; path = Base.lproj/LaunchScreen.storyboard; sourceTree = "<group>"; };
		1AD8B3A32B6B78E500C38E9D /* Info.plist */ = {isa = PBXFileReference; lastKnownFileType = text.plist.xml; path = Info.plist; sourceTree = "<group>"; };
		1AD8B3A82B6B78E600C38E9D /* qiita_hackathonTests.xctest */ = {isa = PBXFileReference; explicitFileType = wrapper.cfbundle; includeInIndex = 0; path = qiita_hackathonTests.xctest; sourceTree = BUILT_PRODUCTS_DIR; };
		1AD8B3AC2B6B78E600C38E9D /* qiita_hackathonTests.swift */ = {isa = PBXFileReference; lastKnownFileType = sourcecode.swift; path = qiita_hackathonTests.swift; sourceTree = "<group>"; };
		1AD8B3B22B6B78E600C38E9D /* qiita_hackathonUITests.xctest */ = {isa = PBXFileReference; explicitFileType = wrapper.cfbundle; includeInIndex = 0; path = qiita_hackathonUITests.xctest; sourceTree = BUILT_PRODUCTS_DIR; };
		1AD8B3B62B6B78E600C38E9D /* qiita_hackathonUITests.swift */ = {isa = PBXFileReference; lastKnownFileType = sourcecode.swift; path = qiita_hackathonUITests.swift; sourceTree = "<group>"; };
		1AD8B3B82B6B78E600C38E9D /* qiita_hackathonUITestsLaunchTests.swift */ = {isa = PBXFileReference; lastKnownFileType = sourcecode.swift; path = qiita_hackathonUITestsLaunchTests.swift; sourceTree = "<group>"; };
		1AD8B3C72B6B80FA00C38E9D /* Logger.swift */ = {isa = PBXFileReference; lastKnownFileType = sourcecode.swift; path = Logger.swift; sourceTree = "<group>"; };
		1AD8B3DB2B6B854900C38E9D /* DateFormatter+Exetnsion.swift */ = {isa = PBXFileReference; lastKnownFileType = sourcecode.swift; path = "DateFormatter+Exetnsion.swift"; sourceTree = "<group>"; };
		1AD8B3DF2B6B859800C38E9D /* UIImageView+Exetnsion.swift */ = {isa = PBXFileReference; lastKnownFileType = sourcecode.swift; path = "UIImageView+Exetnsion.swift"; sourceTree = "<group>"; };
		1AF4AEFB2B6BAEE600B3F725 /* SampleAdItem.swift */ = {isa = PBXFileReference; lastKnownFileType = sourcecode.swift; path = SampleAdItem.swift; sourceTree = "<group>"; };
		1BC84076576553A99D8F9723 /* Pods-All-API.debug.xcconfig */ = {isa = PBXFileReference; includeInIndex = 1; lastKnownFileType = text.xcconfig; name = "Pods-All-API.debug.xcconfig"; path = "Target Support Files/Pods-All-API/Pods-All-API.debug.xcconfig"; sourceTree = "<group>"; };
		265090106D418D89CA353673 /* Pods_All_qiita_hackathon.framework */ = {isa = PBXFileReference; explicitFileType = wrapper.framework; includeInIndex = 0; path = Pods_All_qiita_hackathon.framework; sourceTree = BUILT_PRODUCTS_DIR; };
		2A82E8F8E84A8D2DD35C0D9F /* Pods_qiita_hackathonTests.framework */ = {isa = PBXFileReference; explicitFileType = wrapper.framework; includeInIndex = 0; path = Pods_qiita_hackathonTests.framework; sourceTree = BUILT_PRODUCTS_DIR; };
		2E326AB5086D59D5E6B4DD1F /* Pods-All-qiita_hackathon.debug.xcconfig */ = {isa = PBXFileReference; includeInIndex = 1; lastKnownFileType = text.xcconfig; name = "Pods-All-qiita_hackathon.debug.xcconfig"; path = "Target Support Files/Pods-All-qiita_hackathon/Pods-All-qiita_hackathon.debug.xcconfig"; sourceTree = "<group>"; };
		3AB23EAAD80825CC687AF4EC /* Pods_All_API.framework */ = {isa = PBXFileReference; explicitFileType = wrapper.framework; includeInIndex = 0; path = Pods_All_API.framework; sourceTree = BUILT_PRODUCTS_DIR; };
		5359E4F22B776E3B0030FBBF /* GridSelectionCell.swift */ = {isa = PBXFileReference; lastKnownFileType = sourcecode.swift; path = GridSelectionCell.swift; sourceTree = "<group>"; };
		5359E4F32B776E3B0030FBBF /* GridSelectionCell.xib */ = {isa = PBXFileReference; lastKnownFileType = file.xib; path = GridSelectionCell.xib; sourceTree = "<group>"; };
		5359E4F62B7773720030FBBF /* StudyRoomCell.swift */ = {isa = PBXFileReference; lastKnownFileType = sourcecode.swift; path = StudyRoomCell.swift; sourceTree = "<group>"; };
		5359E4F72B7773720030FBBF /* StudyRoomCell.xib */ = {isa = PBXFileReference; lastKnownFileType = file.xib; path = StudyRoomCell.xib; sourceTree = "<group>"; };
		5F407E9FC8C545605640EDAA /* Pods-qiita_hackathonTests.debug.xcconfig */ = {isa = PBXFileReference; includeInIndex = 1; lastKnownFileType = text.xcconfig; name = "Pods-qiita_hackathonTests.debug.xcconfig"; path = "Target Support Files/Pods-qiita_hackathonTests/Pods-qiita_hackathonTests.debug.xcconfig"; sourceTree = "<group>"; };
		82718689DC8ED59D6E91311B /* Pods-qiita_hackathonTests.release.xcconfig */ = {isa = PBXFileReference; includeInIndex = 1; lastKnownFileType = text.xcconfig; name = "Pods-qiita_hackathonTests.release.xcconfig"; path = "Target Support Files/Pods-qiita_hackathonTests/Pods-qiita_hackathonTests.release.xcconfig"; sourceTree = "<group>"; };
		8986658ABF059BCEF37D8A5C /* Pods-qiita_hackathon.release.xcconfig */ = {isa = PBXFileReference; includeInIndex = 1; lastKnownFileType = text.xcconfig; name = "Pods-qiita_hackathon.release.xcconfig"; path = "Target Support Files/Pods-qiita_hackathon/Pods-qiita_hackathon.release.xcconfig"; sourceTree = "<group>"; };
		958F4C2BC89E7B7E704DB0D3 /* Pods-qiita_hackathon-qiita_hackathonUITests.release.xcconfig */ = {isa = PBXFileReference; includeInIndex = 1; lastKnownFileType = text.xcconfig; name = "Pods-qiita_hackathon-qiita_hackathonUITests.release.xcconfig"; path = "Target Support Files/Pods-qiita_hackathon-qiita_hackathonUITests/Pods-qiita_hackathon-qiita_hackathonUITests.release.xcconfig"; sourceTree = "<group>"; };
		95CFF91AD32E07264F216D20 /* Pods-All-qiita_hackathon.release.xcconfig */ = {isa = PBXFileReference; includeInIndex = 1; lastKnownFileType = text.xcconfig; name = "Pods-All-qiita_hackathon.release.xcconfig"; path = "Target Support Files/Pods-All-qiita_hackathon/Pods-All-qiita_hackathon.release.xcconfig"; sourceTree = "<group>"; };
		BB8303A4DC5BB114EDD5481E /* Pods-All-qiita_hackathonUITests.release.xcconfig */ = {isa = PBXFileReference; includeInIndex = 1; lastKnownFileType = text.xcconfig; name = "Pods-All-qiita_hackathonUITests.release.xcconfig"; path = "Target Support Files/Pods-All-qiita_hackathonUITests/Pods-All-qiita_hackathonUITests.release.xcconfig"; sourceTree = "<group>"; };
		C7CC43D8429D34762056DC59 /* Pods-qiita_hackathon-qiita_hackathonUITests.debug.xcconfig */ = {isa = PBXFileReference; includeInIndex = 1; lastKnownFileType = text.xcconfig; name = "Pods-qiita_hackathon-qiita_hackathonUITests.debug.xcconfig"; path = "Target Support Files/Pods-qiita_hackathon-qiita_hackathonUITests/Pods-qiita_hackathon-qiita_hackathonUITests.debug.xcconfig"; sourceTree = "<group>"; };
		CAC81FEEBEAC35152BC4A7C1 /* Pods-qiita_hackathon.debug.xcconfig */ = {isa = PBXFileReference; includeInIndex = 1; lastKnownFileType = text.xcconfig; name = "Pods-qiita_hackathon.debug.xcconfig"; path = "Target Support Files/Pods-qiita_hackathon/Pods-qiita_hackathon.debug.xcconfig"; sourceTree = "<group>"; };
		E2A10CDE9958567D6CC11A07 /* Pods-All-API.release.xcconfig */ = {isa = PBXFileReference; includeInIndex = 1; lastKnownFileType = text.xcconfig; name = "Pods-All-API.release.xcconfig"; path = "Target Support Files/Pods-All-API/Pods-All-API.release.xcconfig"; sourceTree = "<group>"; };
		EEA06B7B3D5259A88F962E55 /* Pods_All_qiita_hackathonUITests.framework */ = {isa = PBXFileReference; explicitFileType = wrapper.framework; includeInIndex = 0; path = Pods_All_qiita_hackathonUITests.framework; sourceTree = BUILT_PRODUCTS_DIR; };
/* End PBXFileReference section */

/* Begin PBXFrameworksBuildPhase section */
		1AD8B38F2B6B78E300C38E9D /* Frameworks */ = {
			isa = PBXFrameworksBuildPhase;
			buildActionMask = 2147483647;
			files = (
				469B1CB90793352309DBE981 /* Pods_All_qiita_hackathon.framework in Frameworks */,
			);
			runOnlyForDeploymentPostprocessing = 0;
		};
		1AD8B3A52B6B78E600C38E9D /* Frameworks */ = {
			isa = PBXFrameworksBuildPhase;
			buildActionMask = 2147483647;
			files = (
				FD0A27CF5F21C4C6F746DB30 /* Pods_qiita_hackathonTests.framework in Frameworks */,
			);
			runOnlyForDeploymentPostprocessing = 0;
		};
		1AD8B3AF2B6B78E600C38E9D /* Frameworks */ = {
			isa = PBXFrameworksBuildPhase;
			buildActionMask = 2147483647;
			files = (
				A92CBF23A4F970838DD6FE0E /* Pods_All_qiita_hackathonUITests.framework in Frameworks */,
			);
			runOnlyForDeploymentPostprocessing = 0;
		};
/* End PBXFrameworksBuildPhase section */

/* Begin PBXGroup section */
		1A35DDAD2B6B9FE3008A2536 /* Entity */ = {
			isa = PBXGroup;
			children = (
				1AF4AEFB2B6BAEE600B3F725 /* SampleAdItem.swift */,
				1AB787252B77717A00D673E1 /* Users.swift */,
				1AB7871F2B776FB900D673E1 /* User.swift */,
				1AB787272B7772FE00D673E1 /* Entry.swift */,
				1AB787292B77732000D673E1 /* Exit.swift */,
			);
			path = Entity;
			sourceTree = "<group>";
		};
		1A8AC2062B772C040027962A /* StudyRoom */ = {
			isa = PBXGroup;
			children = (
				1A8AC2072B772C3E0027962A /* StudyRoom.storyboard */,
				1A8AC2092B772C4F0027962A /* StudyRoomViewController.swift */,
				5359E4F62B7773720030FBBF /* StudyRoomCell.swift */,
				5359E4F72B7773720030FBBF /* StudyRoomCell.xib */,
			);
			path = StudyRoom;
			sourceTree = "<group>";
		};
		1A8AC20B2B772C830027962A /* RankingAndSearch */ = {
			isa = PBXGroup;
			children = (
				1A8AC20C2B772CBA0027962A /* RankingAndSearch.storyboard */,
				1A8AC20E2B772CC80027962A /* RankingAndSearchViewController.swift */,
			);
			path = RankingAndSearch;
			sourceTree = "<group>";
		};
		1A8AC2102B772E1A0027962A /* AccountSettings */ = {
			isa = PBXGroup;
			children = (
				1A8AC2152B772ECC0027962A /* AccountSettings.storyboard */,
				1A8AC2172B772EDC0027962A /* AccountSettingsViewController.swift */,
			);
			path = AccountSettings;
			sourceTree = "<group>";
		};
		1AB787062B77303C00D673E1 /* AccountDisplay */ = {
			isa = PBXGroup;
			children = (
				1AB787092B7731F400D673E1 /* AccountDisplay.storyboard */,
				1AB7870B2B77320200D673E1 /* AccountDisplayViewController.swift */,
			);
			path = AccountDisplay;
			sourceTree = "<group>";
		};
		1AB7870D2B77338500D673E1 /* GridSelection */ = {
			isa = PBXGroup;
			children = (
				1AB7870E2B7733BA00D673E1 /* GridSelection.storyboard */,
				1AB787102B7733CB00D673E1 /* GridSelectionViewController.swift */,
				5359E4F32B776E3B0030FBBF /* GridSelectionCell.xib */,
				5359E4F22B776E3B0030FBBF /* GridSelectionCell.swift */,
			);
			path = GridSelection;
			sourceTree = "<group>";
		};
		1AB7872E2B7782C700D673E1 /* AkidonComponents */ = {
			isa = PBXGroup;
			children = (
				1AD8B3C72B6B80FA00C38E9D /* Logger.swift */,
				1AD8B3DB2B6B854900C38E9D /* DateFormatter+Exetnsion.swift */,
				1AD8B3DF2B6B859800C38E9D /* UIImageView+Exetnsion.swift */,
			);
			path = AkidonComponents;
			sourceTree = "<group>";
		};
		1AD8B3892B6B78E300C38E9D = {
			isa = PBXGroup;
			children = (
				1AD8B3942B6B78E300C38E9D /* qiita_hackathon */,
				1AD8B3AB2B6B78E600C38E9D /* qiita_hackathonTests */,
				1AD8B3B52B6B78E600C38E9D /* qiita_hackathonUITests */,
				1AD8B3932B6B78E300C38E9D /* Products */,
				CA534E683B2336506A243636 /* Pods */,
				5123EAEB37780DFBA95E9A7D /* Frameworks */,
			);
			sourceTree = "<group>";
		};
		1AD8B3932B6B78E300C38E9D /* Products */ = {
			isa = PBXGroup;
			children = (
				1AD8B3922B6B78E300C38E9D /* qiita_hackathon.app */,
				1AD8B3A82B6B78E600C38E9D /* qiita_hackathonTests.xctest */,
				1AD8B3B22B6B78E600C38E9D /* qiita_hackathonUITests.xctest */,
			);
			name = Products;
			sourceTree = "<group>";
		};
		1AD8B3942B6B78E300C38E9D /* qiita_hackathon */ = {
			isa = PBXGroup;
			children = (
				1A8AC2042B77299C0027962A /* R.generated.swift */,
				1ABA1F502B6E3B9300D0BBA5 /* GoogleService-Info-Template.plist */,
				1ABA1F512B6E3B9300D0BBA5 /* GoogleService-Info.plist */,
				1AD8B3952B6B78E300C38E9D /* AppDelegate.swift */,
				1AD8B3972B6B78E300C38E9D /* SceneDelegate.swift */,
				1AD8B39E2B6B78E500C38E9D /* Assets.xcassets */,
				1AD8B3A02B6B78E500C38E9D /* LaunchScreen.storyboard */,
				1AD8B3A32B6B78E500C38E9D /* Info.plist */,
				1AB7872E2B7782C700D673E1 /* AkidonComponents */,
				1AF4AEF92B6BAAD600B3F725 /* API */,
				1AD8B3E32B6B86CC00C38E9D /* Common */,
				1A35DDAD2B6B9FE3008A2536 /* Entity */,
				1AD8B3E52B6B86E600C38E9D /* Module */,
				1AD8B3E42B6B86DD00C38E9D /* Repository */,
			);
			path = qiita_hackathon;
			sourceTree = "<group>";
		};
		1AD8B3AB2B6B78E600C38E9D /* qiita_hackathonTests */ = {
			isa = PBXGroup;
			children = (
				1AD8B3AC2B6B78E600C38E9D /* qiita_hackathonTests.swift */,
			);
			path = qiita_hackathonTests;
			sourceTree = "<group>";
		};
		1AD8B3B52B6B78E600C38E9D /* qiita_hackathonUITests */ = {
			isa = PBXGroup;
			children = (
				1AD8B3B62B6B78E600C38E9D /* qiita_hackathonUITests.swift */,
				1AD8B3B82B6B78E600C38E9D /* qiita_hackathonUITestsLaunchTests.swift */,
			);
			path = qiita_hackathonUITests;
			sourceTree = "<group>";
		};
		1AD8B3E32B6B86CC00C38E9D /* Common */ = {
			isa = PBXGroup;
			children = (
				1AB7871D2B775B6000D673E1 /* Common.swift */,
			);
			path = Common;
			sourceTree = "<group>";
		};
		1AD8B3E42B6B86DD00C38E9D /* Repository */ = {
			isa = PBXGroup;
			children = (
				1A1765E72B6BD04E002DD773 /* SampleKeychain.swift */,
				1A1765E92B6BD3B8002DD773 /* SampleUserDefaults.swift */,
			);
			path = Repository;
			sourceTree = "<group>";
		};
		1AD8B3E52B6B86E600C38E9D /* Module */ = {
			isa = PBXGroup;
			children = (
				1A55DB4B2B77260D00C7CCDA /* Main.storyboard */,
				1A8AC2062B772C040027962A /* StudyRoom */,
				1A8AC20B2B772C830027962A /* RankingAndSearch */,
				1A8AC2102B772E1A0027962A /* AccountSettings */,
				1AB787062B77303C00D673E1 /* AccountDisplay */,
				1AB7870D2B77338500D673E1 /* GridSelection */,
			);
			path = Module;
			sourceTree = "<group>";
		};
		1AF4AEF92B6BAAD600B3F725 /* API */ = {
			isa = PBXGroup;
			children = (
				1A1765E52B6BC9A6002DD773 /* SampleAdItemsAPI.swift */,
			);
			path = API;
			sourceTree = "<group>";
		};
		5123EAEB37780DFBA95E9A7D /* Frameworks */ = {
			isa = PBXGroup;
			children = (
				2A82E8F8E84A8D2DD35C0D9F /* Pods_qiita_hackathonTests.framework */,
				3AB23EAAD80825CC687AF4EC /* Pods_All_API.framework */,
				265090106D418D89CA353673 /* Pods_All_qiita_hackathon.framework */,
				EEA06B7B3D5259A88F962E55 /* Pods_All_qiita_hackathonUITests.framework */,
			);
			name = Frameworks;
			sourceTree = "<group>";
		};
		CA534E683B2336506A243636 /* Pods */ = {
			isa = PBXGroup;
			children = (
				CAC81FEEBEAC35152BC4A7C1 /* Pods-qiita_hackathon.debug.xcconfig */,
				8986658ABF059BCEF37D8A5C /* Pods-qiita_hackathon.release.xcconfig */,
				C7CC43D8429D34762056DC59 /* Pods-qiita_hackathon-qiita_hackathonUITests.debug.xcconfig */,
				958F4C2BC89E7B7E704DB0D3 /* Pods-qiita_hackathon-qiita_hackathonUITests.release.xcconfig */,
				5F407E9FC8C545605640EDAA /* Pods-qiita_hackathonTests.debug.xcconfig */,
				82718689DC8ED59D6E91311B /* Pods-qiita_hackathonTests.release.xcconfig */,
				1BC84076576553A99D8F9723 /* Pods-All-API.debug.xcconfig */,
				E2A10CDE9958567D6CC11A07 /* Pods-All-API.release.xcconfig */,
				2E326AB5086D59D5E6B4DD1F /* Pods-All-qiita_hackathon.debug.xcconfig */,
				95CFF91AD32E07264F216D20 /* Pods-All-qiita_hackathon.release.xcconfig */,
				1340BA463C0928E797856E17 /* Pods-All-qiita_hackathonUITests.debug.xcconfig */,
				BB8303A4DC5BB114EDD5481E /* Pods-All-qiita_hackathonUITests.release.xcconfig */,
			);
			path = Pods;
			sourceTree = "<group>";
		};
/* End PBXGroup section */

/* Begin PBXNativeTarget section */
		1AD8B3912B6B78E300C38E9D /* qiita_hackathon */ = {
			isa = PBXNativeTarget;
			buildConfigurationList = 1AD8B3BC2B6B78E600C38E9D /* Build configuration list for PBXNativeTarget "qiita_hackathon" */;
			buildPhases = (
				A364B36186B1CA4FA4299538 /* [CP] Check Pods Manifest.lock */,
				1AD8B3C52B6B7A1500C38E9D /* ShellScript */,
				1AD8B38E2B6B78E300C38E9D /* Sources */,
				1AD8B38F2B6B78E300C38E9D /* Frameworks */,
				1AD8B3902B6B78E300C38E9D /* Resources */,
				C18053FC2004C0885AB1B1F4 /* [CP] Embed Pods Frameworks */,
				1AD8B3D92B6B827D00C38E9D /* Embed Frameworks */,
			);
			buildRules = (
			);
			dependencies = (
			);
			name = qiita_hackathon;
			productName = qiita_hackathon;
			productReference = 1AD8B3922B6B78E300C38E9D /* qiita_hackathon.app */;
			productType = "com.apple.product-type.application";
		};
		1AD8B3A72B6B78E600C38E9D /* qiita_hackathonTests */ = {
			isa = PBXNativeTarget;
			buildConfigurationList = 1AD8B3BF2B6B78E600C38E9D /* Build configuration list for PBXNativeTarget "qiita_hackathonTests" */;
			buildPhases = (
				B0BC1D82DCCC98BA290CC89F /* [CP] Check Pods Manifest.lock */,
				1AD8B3A42B6B78E600C38E9D /* Sources */,
				1AD8B3A52B6B78E600C38E9D /* Frameworks */,
				1AD8B3A62B6B78E600C38E9D /* Resources */,
			);
			buildRules = (
			);
			dependencies = (
				1AD8B3AA2B6B78E600C38E9D /* PBXTargetDependency */,
			);
			name = qiita_hackathonTests;
			productName = qiita_hackathonTests;
			productReference = 1AD8B3A82B6B78E600C38E9D /* qiita_hackathonTests.xctest */;
			productType = "com.apple.product-type.bundle.unit-test";
		};
		1AD8B3B12B6B78E600C38E9D /* qiita_hackathonUITests */ = {
			isa = PBXNativeTarget;
			buildConfigurationList = 1AD8B3C22B6B78E600C38E9D /* Build configuration list for PBXNativeTarget "qiita_hackathonUITests" */;
			buildPhases = (
				6184BBE96914C6D7AE936A36 /* [CP] Check Pods Manifest.lock */,
				1AD8B3AE2B6B78E600C38E9D /* Sources */,
				1AD8B3AF2B6B78E600C38E9D /* Frameworks */,
				1AD8B3B02B6B78E600C38E9D /* Resources */,
				9E8105F35CE10201597F45D7 /* [CP] Embed Pods Frameworks */,
			);
			buildRules = (
			);
			dependencies = (
				1AD8B3B42B6B78E600C38E9D /* PBXTargetDependency */,
			);
			name = qiita_hackathonUITests;
			productName = qiita_hackathonUITests;
			productReference = 1AD8B3B22B6B78E600C38E9D /* qiita_hackathonUITests.xctest */;
			productType = "com.apple.product-type.bundle.ui-testing";
		};
/* End PBXNativeTarget section */

/* Begin PBXProject section */
		1AD8B38A2B6B78E300C38E9D /* Project object */ = {
			isa = PBXProject;
			attributes = {
				BuildIndependentTargetsInParallel = 1;
				LastSwiftUpdateCheck = 1500;
				LastUpgradeCheck = 1500;
				TargetAttributes = {
					1AD8B3912B6B78E300C38E9D = {
						CreatedOnToolsVersion = 15.0.1;
					};
					1AD8B3A72B6B78E600C38E9D = {
						CreatedOnToolsVersion = 15.0.1;
						TestTargetID = 1AD8B3912B6B78E300C38E9D;
					};
					1AD8B3B12B6B78E600C38E9D = {
						CreatedOnToolsVersion = 15.0.1;
						TestTargetID = 1AD8B3912B6B78E300C38E9D;
					};
				};
			};
			buildConfigurationList = 1AD8B38D2B6B78E300C38E9D /* Build configuration list for PBXProject "qiita_hackathon" */;
			compatibilityVersion = "Xcode 14.0";
			developmentRegion = en;
			hasScannedForEncodings = 0;
			knownRegions = (
				en,
				Base,
			);
			mainGroup = 1AD8B3892B6B78E300C38E9D;
			packageReferences = (
				1ABA1F542B6E457200D0BBA5 /* XCRemoteSwiftPackageReference "firebase-ios-sdk" */,
			);
			productRefGroup = 1AD8B3932B6B78E300C38E9D /* Products */;
			projectDirPath = "";
			projectRoot = "";
			targets = (
				1AD8B3912B6B78E300C38E9D /* qiita_hackathon */,
				1AD8B3A72B6B78E600C38E9D /* qiita_hackathonTests */,
				1AD8B3B12B6B78E600C38E9D /* qiita_hackathonUITests */,
			);
		};
/* End PBXProject section */

/* Begin PBXResourcesBuildPhase section */
		1AD8B3902B6B78E300C38E9D /* Resources */ = {
			isa = PBXResourcesBuildPhase;
			buildActionMask = 2147483647;
			files = (
				5359E4F52B776E3B0030FBBF /* GridSelectionCell.xib in Resources */,
				1A55DB4C2B77260D00C7CCDA /* Main.storyboard in Resources */,
				1A8AC20D2B772CBA0027962A /* RankingAndSearch.storyboard in Resources */,
				1ABA1F522B6E3B9300D0BBA5 /* GoogleService-Info-Template.plist in Resources */,
				5359E4F92B7773720030FBBF /* StudyRoomCell.xib in Resources */,
				1A8AC2082B772C3E0027962A /* StudyRoom.storyboard in Resources */,
				1AD8B3A22B6B78E500C38E9D /* LaunchScreen.storyboard in Resources */,
				1AB7870F2B7733BA00D673E1 /* GridSelection.storyboard in Resources */,
				1AD8B39F2B6B78E500C38E9D /* Assets.xcassets in Resources */,
				1ABA1F532B6E3B9300D0BBA5 /* GoogleService-Info.plist in Resources */,
				1A8AC2162B772ECC0027962A /* AccountSettings.storyboard in Resources */,
				1AB7870A2B7731F400D673E1 /* AccountDisplay.storyboard in Resources */,
			);
			runOnlyForDeploymentPostprocessing = 0;
		};
		1AD8B3A62B6B78E600C38E9D /* Resources */ = {
			isa = PBXResourcesBuildPhase;
			buildActionMask = 2147483647;
			files = (
			);
			runOnlyForDeploymentPostprocessing = 0;
		};
		1AD8B3B02B6B78E600C38E9D /* Resources */ = {
			isa = PBXResourcesBuildPhase;
			buildActionMask = 2147483647;
			files = (
			);
			runOnlyForDeploymentPostprocessing = 0;
		};
/* End PBXResourcesBuildPhase section */

/* Begin PBXShellScriptBuildPhase section */
		1AD8B3C52B6B7A1500C38E9D /* ShellScript */ = {
			isa = PBXShellScriptBuildPhase;
			buildActionMask = 2147483647;
			files = (
			);
			inputFileListPaths = (
			);
			inputPaths = (
				"$TEMP_DIR/rswift-lastrun",
			);
			outputFileListPaths = (
			);
			outputPaths = (
				$SRCROOT/R.generated.swift,
			);
			runOnlyForDeploymentPostprocessing = 0;
			shellPath = /bin/sh;
			shellScript = "\"$PODS_ROOT/R.swift/rswift\" generate \"$SRCROOT/R.generated.swift\"\n";
		};
		6184BBE96914C6D7AE936A36 /* [CP] Check Pods Manifest.lock */ = {
			isa = PBXShellScriptBuildPhase;
			buildActionMask = 2147483647;
			files = (
			);
			inputFileListPaths = (
			);
			inputPaths = (
				"${PODS_PODFILE_DIR_PATH}/Podfile.lock",
				"${PODS_ROOT}/Manifest.lock",
			);
			name = "[CP] Check Pods Manifest.lock";
			outputFileListPaths = (
			);
			outputPaths = (
				"$(DERIVED_FILE_DIR)/Pods-All-qiita_hackathonUITests-checkManifestLockResult.txt",
			);
			runOnlyForDeploymentPostprocessing = 0;
			shellPath = /bin/sh;
			shellScript = "diff \"${PODS_PODFILE_DIR_PATH}/Podfile.lock\" \"${PODS_ROOT}/Manifest.lock\" > /dev/null\nif [ $? != 0 ] ; then\n    # print error to STDERR\n    echo \"error: The sandbox is not in sync with the Podfile.lock. Run 'pod install' or update your CocoaPods installation.\" >&2\n    exit 1\nfi\n# This output is used by Xcode 'outputs' to avoid re-running this script phase.\necho \"SUCCESS\" > \"${SCRIPT_OUTPUT_FILE_0}\"\n";
			showEnvVarsInLog = 0;
		};
		9E8105F35CE10201597F45D7 /* [CP] Embed Pods Frameworks */ = {
			isa = PBXShellScriptBuildPhase;
			buildActionMask = 2147483647;
			files = (
			);
			inputFileListPaths = (
				"${PODS_ROOT}/Target Support Files/Pods-All-qiita_hackathonUITests/Pods-All-qiita_hackathonUITests-frameworks-${CONFIGURATION}-input-files.xcfilelist",
			);
			name = "[CP] Embed Pods Frameworks";
			outputFileListPaths = (
				"${PODS_ROOT}/Target Support Files/Pods-All-qiita_hackathonUITests/Pods-All-qiita_hackathonUITests-frameworks-${CONFIGURATION}-output-files.xcfilelist",
			);
			runOnlyForDeploymentPostprocessing = 0;
			shellPath = /bin/sh;
			shellScript = "\"${PODS_ROOT}/Target Support Files/Pods-All-qiita_hackathonUITests/Pods-All-qiita_hackathonUITests-frameworks.sh\"\n";
			showEnvVarsInLog = 0;
		};
		A364B36186B1CA4FA4299538 /* [CP] Check Pods Manifest.lock */ = {
			isa = PBXShellScriptBuildPhase;
			buildActionMask = 2147483647;
			files = (
			);
			inputFileListPaths = (
			);
			inputPaths = (
				"${PODS_PODFILE_DIR_PATH}/Podfile.lock",
				"${PODS_ROOT}/Manifest.lock",
			);
			name = "[CP] Check Pods Manifest.lock";
			outputFileListPaths = (
			);
			outputPaths = (
				"$(DERIVED_FILE_DIR)/Pods-All-qiita_hackathon-checkManifestLockResult.txt",
			);
			runOnlyForDeploymentPostprocessing = 0;
			shellPath = /bin/sh;
			shellScript = "diff \"${PODS_PODFILE_DIR_PATH}/Podfile.lock\" \"${PODS_ROOT}/Manifest.lock\" > /dev/null\nif [ $? != 0 ] ; then\n    # print error to STDERR\n    echo \"error: The sandbox is not in sync with the Podfile.lock. Run 'pod install' or update your CocoaPods installation.\" >&2\n    exit 1\nfi\n# This output is used by Xcode 'outputs' to avoid re-running this script phase.\necho \"SUCCESS\" > \"${SCRIPT_OUTPUT_FILE_0}\"\n";
			showEnvVarsInLog = 0;
		};
		B0BC1D82DCCC98BA290CC89F /* [CP] Check Pods Manifest.lock */ = {
			isa = PBXShellScriptBuildPhase;
			buildActionMask = 2147483647;
			files = (
			);
			inputFileListPaths = (
			);
			inputPaths = (
				"${PODS_PODFILE_DIR_PATH}/Podfile.lock",
				"${PODS_ROOT}/Manifest.lock",
			);
			name = "[CP] Check Pods Manifest.lock";
			outputFileListPaths = (
			);
			outputPaths = (
				"$(DERIVED_FILE_DIR)/Pods-qiita_hackathonTests-checkManifestLockResult.txt",
			);
			runOnlyForDeploymentPostprocessing = 0;
			shellPath = /bin/sh;
			shellScript = "diff \"${PODS_PODFILE_DIR_PATH}/Podfile.lock\" \"${PODS_ROOT}/Manifest.lock\" > /dev/null\nif [ $? != 0 ] ; then\n    # print error to STDERR\n    echo \"error: The sandbox is not in sync with the Podfile.lock. Run 'pod install' or update your CocoaPods installation.\" >&2\n    exit 1\nfi\n# This output is used by Xcode 'outputs' to avoid re-running this script phase.\necho \"SUCCESS\" > \"${SCRIPT_OUTPUT_FILE_0}\"\n";
			showEnvVarsInLog = 0;
		};
		C18053FC2004C0885AB1B1F4 /* [CP] Embed Pods Frameworks */ = {
			isa = PBXShellScriptBuildPhase;
			buildActionMask = 2147483647;
			files = (
			);
			inputFileListPaths = (
				"${PODS_ROOT}/Target Support Files/Pods-All-qiita_hackathon/Pods-All-qiita_hackathon-frameworks-${CONFIGURATION}-input-files.xcfilelist",
			);
			name = "[CP] Embed Pods Frameworks";
			outputFileListPaths = (
				"${PODS_ROOT}/Target Support Files/Pods-All-qiita_hackathon/Pods-All-qiita_hackathon-frameworks-${CONFIGURATION}-output-files.xcfilelist",
			);
			runOnlyForDeploymentPostprocessing = 0;
			shellPath = /bin/sh;
			shellScript = "\"${PODS_ROOT}/Target Support Files/Pods-All-qiita_hackathon/Pods-All-qiita_hackathon-frameworks.sh\"\n";
			showEnvVarsInLog = 0;
		};
/* End PBXShellScriptBuildPhase section */

/* Begin PBXSourcesBuildPhase section */
		1AD8B38E2B6B78E300C38E9D /* Sources */ = {
			isa = PBXSourcesBuildPhase;
			buildActionMask = 2147483647;
			files = (
				1AB7872B2B7782B000D673E1 /* UIImageView+Exetnsion.swift in Sources */,
				1AB787202B776FB900D673E1 /* User.swift in Sources */,
				5359E4F82B7773720030FBBF /* StudyRoomCell.swift in Sources */,
				1AB7871E2B775B6000D673E1 /* Common.swift in Sources */,
				1A1765E62B6BC9A6002DD773 /* SampleAdItemsAPI.swift in Sources */,
				1A8AC2052B77299D0027962A /* R.generated.swift in Sources */,
				1A1765EA2B6BD3B8002DD773 /* SampleUserDefaults.swift in Sources */,
				1AF4AEFC2B6BAEE600B3F725 /* SampleAdItem.swift in Sources */,
				1AD8B3962B6B78E300C38E9D /* AppDelegate.swift in Sources */,
				1AB7872D2B7782B000D673E1 /* Logger.swift in Sources */,
				1AB7872A2B77732000D673E1 /* Exit.swift in Sources */,
				1AB787282B7772FE00D673E1 /* Entry.swift in Sources */,
				1AB787112B7733CB00D673E1 /* GridSelectionViewController.swift in Sources */,
				1AB787262B77717A00D673E1 /* Users.swift in Sources */,
				1A1765E82B6BD04E002DD773 /* SampleKeychain.swift in Sources */,
				1AD8B3982B6B78E300C38E9D /* SceneDelegate.swift in Sources */,
				1AB7872C2B7782B000D673E1 /* DateFormatter+Exetnsion.swift in Sources */,
				1A8AC2182B772EDC0027962A /* AccountSettingsViewController.swift in Sources */,
				1AB7870C2B77320300D673E1 /* AccountDisplayViewController.swift in Sources */,
				1A8AC20A2B772C4F0027962A /* StudyRoomViewController.swift in Sources */,
				1A8AC20F2B772CC80027962A /* RankingAndSearchViewController.swift in Sources */,
				5359E4F42B776E3B0030FBBF /* GridSelectionCell.swift in Sources */,
			);
			runOnlyForDeploymentPostprocessing = 0;
		};
		1AD8B3A42B6B78E600C38E9D /* Sources */ = {
			isa = PBXSourcesBuildPhase;
			buildActionMask = 2147483647;
			files = (
				1AD8B3AD2B6B78E600C38E9D /* qiita_hackathonTests.swift in Sources */,
			);
			runOnlyForDeploymentPostprocessing = 0;
		};
		1AD8B3AE2B6B78E600C38E9D /* Sources */ = {
			isa = PBXSourcesBuildPhase;
			buildActionMask = 2147483647;
			files = (
				1AD8B3B72B6B78E600C38E9D /* qiita_hackathonUITests.swift in Sources */,
				1AD8B3B92B6B78E600C38E9D /* qiita_hackathonUITestsLaunchTests.swift in Sources */,
			);
			runOnlyForDeploymentPostprocessing = 0;
		};
/* End PBXSourcesBuildPhase section */

/* Begin PBXTargetDependency section */
		1AD8B3AA2B6B78E600C38E9D /* PBXTargetDependency */ = {
			isa = PBXTargetDependency;
			target = 1AD8B3912B6B78E300C38E9D /* qiita_hackathon */;
			targetProxy = 1AD8B3A92B6B78E600C38E9D /* PBXContainerItemProxy */;
		};
		1AD8B3B42B6B78E600C38E9D /* PBXTargetDependency */ = {
			isa = PBXTargetDependency;
			target = 1AD8B3912B6B78E300C38E9D /* qiita_hackathon */;
			targetProxy = 1AD8B3B32B6B78E600C38E9D /* PBXContainerItemProxy */;
		};
/* End PBXTargetDependency section */

/* Begin PBXVariantGroup section */
		1AD8B3A02B6B78E500C38E9D /* LaunchScreen.storyboard */ = {
			isa = PBXVariantGroup;
			children = (
				1AD8B3A12B6B78E500C38E9D /* Base */,
			);
			name = LaunchScreen.storyboard;
			sourceTree = "<group>";
		};
/* End PBXVariantGroup section */

/* Begin XCBuildConfiguration section */
		1AD8B3BA2B6B78E600C38E9D /* Debug */ = {
			isa = XCBuildConfiguration;
			buildSettings = {
				ALWAYS_SEARCH_USER_PATHS = NO;
				ASSETCATALOG_COMPILER_GENERATE_SWIFT_ASSET_SYMBOL_EXTENSIONS = YES;
				CLANG_ANALYZER_NONNULL = YES;
				CLANG_ANALYZER_NUMBER_OBJECT_CONVERSION = YES_AGGRESSIVE;
				CLANG_CXX_LANGUAGE_STANDARD = "gnu++20";
				CLANG_ENABLE_MODULES = YES;
				CLANG_ENABLE_OBJC_ARC = YES;
				CLANG_ENABLE_OBJC_WEAK = YES;
				CLANG_WARN_BLOCK_CAPTURE_AUTORELEASING = YES;
				CLANG_WARN_BOOL_CONVERSION = YES;
				CLANG_WARN_COMMA = YES;
				CLANG_WARN_CONSTANT_CONVERSION = YES;
				CLANG_WARN_DEPRECATED_OBJC_IMPLEMENTATIONS = YES;
				CLANG_WARN_DIRECT_OBJC_ISA_USAGE = YES_ERROR;
				CLANG_WARN_DOCUMENTATION_COMMENTS = YES;
				CLANG_WARN_EMPTY_BODY = YES;
				CLANG_WARN_ENUM_CONVERSION = YES;
				CLANG_WARN_INFINITE_RECURSION = YES;
				CLANG_WARN_INT_CONVERSION = YES;
				CLANG_WARN_NON_LITERAL_NULL_CONVERSION = YES;
				CLANG_WARN_OBJC_IMPLICIT_RETAIN_SELF = YES;
				CLANG_WARN_OBJC_LITERAL_CONVERSION = YES;
				CLANG_WARN_OBJC_ROOT_CLASS = YES_ERROR;
				CLANG_WARN_QUOTED_INCLUDE_IN_FRAMEWORK_HEADER = YES;
				CLANG_WARN_RANGE_LOOP_ANALYSIS = YES;
				CLANG_WARN_STRICT_PROTOTYPES = YES;
				CLANG_WARN_SUSPICIOUS_MOVE = YES;
				CLANG_WARN_UNGUARDED_AVAILABILITY = YES_AGGRESSIVE;
				CLANG_WARN_UNREACHABLE_CODE = YES;
				CLANG_WARN__DUPLICATE_METHOD_MATCH = YES;
				COPY_PHASE_STRIP = NO;
				DEBUG_INFORMATION_FORMAT = dwarf;
				ENABLE_STRICT_OBJC_MSGSEND = YES;
				ENABLE_TESTABILITY = YES;
				ENABLE_USER_SCRIPT_SANDBOXING = YES;
				GCC_C_LANGUAGE_STANDARD = gnu17;
				GCC_DYNAMIC_NO_PIC = NO;
				GCC_NO_COMMON_BLOCKS = YES;
				GCC_OPTIMIZATION_LEVEL = 0;
				GCC_PREPROCESSOR_DEFINITIONS = (
					"DEBUG=1",
					"$(inherited)",
				);
				GCC_WARN_64_TO_32_BIT_CONVERSION = YES;
				GCC_WARN_ABOUT_RETURN_TYPE = YES_ERROR;
				GCC_WARN_UNDECLARED_SELECTOR = YES;
				GCC_WARN_UNINITIALIZED_AUTOS = YES_AGGRESSIVE;
				GCC_WARN_UNUSED_FUNCTION = YES;
				GCC_WARN_UNUSED_VARIABLE = YES;
				IPHONEOS_DEPLOYMENT_TARGET = 17.0;
				LOCALIZATION_PREFERS_STRING_CATALOGS = YES;
				MTL_ENABLE_DEBUG_INFO = INCLUDE_SOURCE;
				MTL_FAST_MATH = YES;
				ONLY_ACTIVE_ARCH = YES;
				SDKROOT = iphoneos;
				SWIFT_ACTIVE_COMPILATION_CONDITIONS = "DEBUG $(inherited)";
				SWIFT_OPTIMIZATION_LEVEL = "-Onone";
			};
			name = Debug;
		};
		1AD8B3BB2B6B78E600C38E9D /* Release */ = {
			isa = XCBuildConfiguration;
			buildSettings = {
				ALWAYS_SEARCH_USER_PATHS = NO;
				ASSETCATALOG_COMPILER_GENERATE_SWIFT_ASSET_SYMBOL_EXTENSIONS = YES;
				CLANG_ANALYZER_NONNULL = YES;
				CLANG_ANALYZER_NUMBER_OBJECT_CONVERSION = YES_AGGRESSIVE;
				CLANG_CXX_LANGUAGE_STANDARD = "gnu++20";
				CLANG_ENABLE_MODULES = YES;
				CLANG_ENABLE_OBJC_ARC = YES;
				CLANG_ENABLE_OBJC_WEAK = YES;
				CLANG_WARN_BLOCK_CAPTURE_AUTORELEASING = YES;
				CLANG_WARN_BOOL_CONVERSION = YES;
				CLANG_WARN_COMMA = YES;
				CLANG_WARN_CONSTANT_CONVERSION = YES;
				CLANG_WARN_DEPRECATED_OBJC_IMPLEMENTATIONS = YES;
				CLANG_WARN_DIRECT_OBJC_ISA_USAGE = YES_ERROR;
				CLANG_WARN_DOCUMENTATION_COMMENTS = YES;
				CLANG_WARN_EMPTY_BODY = YES;
				CLANG_WARN_ENUM_CONVERSION = YES;
				CLANG_WARN_INFINITE_RECURSION = YES;
				CLANG_WARN_INT_CONVERSION = YES;
				CLANG_WARN_NON_LITERAL_NULL_CONVERSION = YES;
				CLANG_WARN_OBJC_IMPLICIT_RETAIN_SELF = YES;
				CLANG_WARN_OBJC_LITERAL_CONVERSION = YES;
				CLANG_WARN_OBJC_ROOT_CLASS = YES_ERROR;
				CLANG_WARN_QUOTED_INCLUDE_IN_FRAMEWORK_HEADER = YES;
				CLANG_WARN_RANGE_LOOP_ANALYSIS = YES;
				CLANG_WARN_STRICT_PROTOTYPES = YES;
				CLANG_WARN_SUSPICIOUS_MOVE = YES;
				CLANG_WARN_UNGUARDED_AVAILABILITY = YES_AGGRESSIVE;
				CLANG_WARN_UNREACHABLE_CODE = YES;
				CLANG_WARN__DUPLICATE_METHOD_MATCH = YES;
				COPY_PHASE_STRIP = NO;
				DEBUG_INFORMATION_FORMAT = "dwarf-with-dsym";
				ENABLE_NS_ASSERTIONS = NO;
				ENABLE_STRICT_OBJC_MSGSEND = YES;
				ENABLE_USER_SCRIPT_SANDBOXING = YES;
				GCC_C_LANGUAGE_STANDARD = gnu17;
				GCC_NO_COMMON_BLOCKS = YES;
				GCC_WARN_64_TO_32_BIT_CONVERSION = YES;
				GCC_WARN_ABOUT_RETURN_TYPE = YES_ERROR;
				GCC_WARN_UNDECLARED_SELECTOR = YES;
				GCC_WARN_UNINITIALIZED_AUTOS = YES_AGGRESSIVE;
				GCC_WARN_UNUSED_FUNCTION = YES;
				GCC_WARN_UNUSED_VARIABLE = YES;
				IPHONEOS_DEPLOYMENT_TARGET = 17.0;
				LOCALIZATION_PREFERS_STRING_CATALOGS = YES;
				MTL_ENABLE_DEBUG_INFO = NO;
				MTL_FAST_MATH = YES;
				SDKROOT = iphoneos;
				SWIFT_COMPILATION_MODE = wholemodule;
				VALIDATE_PRODUCT = YES;
			};
			name = Release;
		};
		1AD8B3BD2B6B78E600C38E9D /* Debug */ = {
			isa = XCBuildConfiguration;
			baseConfigurationReference = 2E326AB5086D59D5E6B4DD1F /* Pods-All-qiita_hackathon.debug.xcconfig */;
			buildSettings = {
				ALWAYS_EMBED_SWIFT_STANDARD_LIBRARIES = YES;
				ASSETCATALOG_COMPILER_APPICON_NAME = AppIcon;
				ASSETCATALOG_COMPILER_GLOBAL_ACCENT_COLOR_NAME = AccentColor;
				CODE_SIGN_STYLE = Automatic;
				CURRENT_PROJECT_VERSION = 1;
				DEVELOPMENT_TEAM = XSC9AJPSP3;
				ENABLE_USER_SCRIPT_SANDBOXING = NO;
				GENERATE_INFOPLIST_FILE = YES;
				INFOPLIST_FILE = qiita_hackathon/Info.plist;
				INFOPLIST_KEY_UIApplicationSupportsIndirectInputEvents = YES;
				INFOPLIST_KEY_UILaunchStoryboardName = LaunchScreen.storyboard;
				INFOPLIST_KEY_UIMainStoryboardFile = Main;
				INFOPLIST_KEY_UISupportedInterfaceOrientations_iPad = "UIInterfaceOrientationPortrait UIInterfaceOrientationPortraitUpsideDown UIInterfaceOrientationLandscapeLeft UIInterfaceOrientationLandscapeRight";
				INFOPLIST_KEY_UISupportedInterfaceOrientations_iPhone = "UIInterfaceOrientationPortrait UIInterfaceOrientationLandscapeLeft UIInterfaceOrientationLandscapeRight";
				IPHONEOS_DEPLOYMENT_TARGET = 15.0;
				LD_RUNPATH_SEARCH_PATHS = (
					"$(inherited)",
					"@executable_path/Frameworks",
				);
				MARKETING_VERSION = 1.0;
				PRODUCT_BUNDLE_IDENTIFIER = "com.akidon0000.qiita-hackathon";
				PRODUCT_NAME = "$(TARGET_NAME)";
				SUPPORTED_PLATFORMS = "iphoneos iphonesimulator";
				SUPPORTS_MACCATALYST = NO;
				SUPPORTS_MAC_DESIGNED_FOR_IPHONE_IPAD = NO;
				SWIFT_EMIT_LOC_STRINGS = YES;
				SWIFT_VERSION = 5.0;
				TARGETED_DEVICE_FAMILY = 1;
			};
			name = Debug;
		};
		1AD8B3BE2B6B78E600C38E9D /* Release */ = {
			isa = XCBuildConfiguration;
			baseConfigurationReference = 95CFF91AD32E07264F216D20 /* Pods-All-qiita_hackathon.release.xcconfig */;
			buildSettings = {
				ALWAYS_EMBED_SWIFT_STANDARD_LIBRARIES = YES;
				ASSETCATALOG_COMPILER_APPICON_NAME = AppIcon;
				ASSETCATALOG_COMPILER_GLOBAL_ACCENT_COLOR_NAME = AccentColor;
				CODE_SIGN_STYLE = Automatic;
				CURRENT_PROJECT_VERSION = 1;
				DEVELOPMENT_TEAM = XSC9AJPSP3;
				ENABLE_USER_SCRIPT_SANDBOXING = NO;
				GENERATE_INFOPLIST_FILE = YES;
				INFOPLIST_FILE = qiita_hackathon/Info.plist;
				INFOPLIST_KEY_UIApplicationSupportsIndirectInputEvents = YES;
				INFOPLIST_KEY_UILaunchStoryboardName = LaunchScreen.storyboard;
				INFOPLIST_KEY_UIMainStoryboardFile = Main;
				INFOPLIST_KEY_UISupportedInterfaceOrientations_iPad = "UIInterfaceOrientationPortrait UIInterfaceOrientationPortraitUpsideDown UIInterfaceOrientationLandscapeLeft UIInterfaceOrientationLandscapeRight";
				INFOPLIST_KEY_UISupportedInterfaceOrientations_iPhone = "UIInterfaceOrientationPortrait UIInterfaceOrientationLandscapeLeft UIInterfaceOrientationLandscapeRight";
				IPHONEOS_DEPLOYMENT_TARGET = 15.0;
				LD_RUNPATH_SEARCH_PATHS = (
					"$(inherited)",
					"@executable_path/Frameworks",
				);
				MARKETING_VERSION = 1.0;
				PRODUCT_BUNDLE_IDENTIFIER = "com.akidon0000.qiita-hackathon";
				PRODUCT_NAME = "$(TARGET_NAME)";
				SUPPORTED_PLATFORMS = "iphoneos iphonesimulator";
				SUPPORTS_MACCATALYST = NO;
				SUPPORTS_MAC_DESIGNED_FOR_IPHONE_IPAD = NO;
				SWIFT_EMIT_LOC_STRINGS = YES;
				SWIFT_VERSION = 5.0;
				TARGETED_DEVICE_FAMILY = 1;
			};
			name = Release;
		};
		1AD8B3C02B6B78E600C38E9D /* Debug */ = {
			isa = XCBuildConfiguration;
			baseConfigurationReference = 5F407E9FC8C545605640EDAA /* Pods-qiita_hackathonTests.debug.xcconfig */;
			buildSettings = {
				ALWAYS_EMBED_SWIFT_STANDARD_LIBRARIES = YES;
				BUNDLE_LOADER = "$(TEST_HOST)";
				CODE_SIGN_STYLE = Automatic;
				CURRENT_PROJECT_VERSION = 1;
				DEVELOPMENT_TEAM = XSC9AJPSP3;
				GENERATE_INFOPLIST_FILE = YES;
				IPHONEOS_DEPLOYMENT_TARGET = 17.0;
				MARKETING_VERSION = 1.0;
				PRODUCT_BUNDLE_IDENTIFIER = "com.akidon0000.qiita-hackathonTests";
				PRODUCT_NAME = "$(TARGET_NAME)";
				SWIFT_EMIT_LOC_STRINGS = NO;
				SWIFT_VERSION = 5.0;
				TARGETED_DEVICE_FAMILY = "1,2";
				TEST_HOST = "$(BUILT_PRODUCTS_DIR)/qiita_hackathon.app/$(BUNDLE_EXECUTABLE_FOLDER_PATH)/qiita_hackathon";
			};
			name = Debug;
		};
		1AD8B3C12B6B78E600C38E9D /* Release */ = {
			isa = XCBuildConfiguration;
			baseConfigurationReference = 82718689DC8ED59D6E91311B /* Pods-qiita_hackathonTests.release.xcconfig */;
			buildSettings = {
				ALWAYS_EMBED_SWIFT_STANDARD_LIBRARIES = YES;
				BUNDLE_LOADER = "$(TEST_HOST)";
				CODE_SIGN_STYLE = Automatic;
				CURRENT_PROJECT_VERSION = 1;
				DEVELOPMENT_TEAM = XSC9AJPSP3;
				GENERATE_INFOPLIST_FILE = YES;
				IPHONEOS_DEPLOYMENT_TARGET = 17.0;
				MARKETING_VERSION = 1.0;
				PRODUCT_BUNDLE_IDENTIFIER = "com.akidon0000.qiita-hackathonTests";
				PRODUCT_NAME = "$(TARGET_NAME)";
				SWIFT_EMIT_LOC_STRINGS = NO;
				SWIFT_VERSION = 5.0;
				TARGETED_DEVICE_FAMILY = "1,2";
				TEST_HOST = "$(BUILT_PRODUCTS_DIR)/qiita_hackathon.app/$(BUNDLE_EXECUTABLE_FOLDER_PATH)/qiita_hackathon";
			};
			name = Release;
		};
		1AD8B3C32B6B78E600C38E9D /* Debug */ = {
			isa = XCBuildConfiguration;
			baseConfigurationReference = 1340BA463C0928E797856E17 /* Pods-All-qiita_hackathonUITests.debug.xcconfig */;
			buildSettings = {
				ALWAYS_EMBED_SWIFT_STANDARD_LIBRARIES = YES;
				CODE_SIGN_STYLE = Automatic;
				CURRENT_PROJECT_VERSION = 1;
				DEVELOPMENT_TEAM = XSC9AJPSP3;
				GENERATE_INFOPLIST_FILE = YES;
				MARKETING_VERSION = 1.0;
				PRODUCT_BUNDLE_IDENTIFIER = "com.akidon0000.qiita-hackathonUITests";
				PRODUCT_NAME = "$(TARGET_NAME)";
				SWIFT_EMIT_LOC_STRINGS = NO;
				SWIFT_VERSION = 5.0;
				TARGETED_DEVICE_FAMILY = "1,2";
				TEST_TARGET_NAME = qiita_hackathon;
			};
			name = Debug;
		};
		1AD8B3C42B6B78E600C38E9D /* Release */ = {
			isa = XCBuildConfiguration;
			baseConfigurationReference = BB8303A4DC5BB114EDD5481E /* Pods-All-qiita_hackathonUITests.release.xcconfig */;
			buildSettings = {
				ALWAYS_EMBED_SWIFT_STANDARD_LIBRARIES = YES;
				CODE_SIGN_STYLE = Automatic;
				CURRENT_PROJECT_VERSION = 1;
				DEVELOPMENT_TEAM = XSC9AJPSP3;
				GENERATE_INFOPLIST_FILE = YES;
				MARKETING_VERSION = 1.0;
				PRODUCT_BUNDLE_IDENTIFIER = "com.akidon0000.qiita-hackathonUITests";
				PRODUCT_NAME = "$(TARGET_NAME)";
				SWIFT_EMIT_LOC_STRINGS = NO;
				SWIFT_VERSION = 5.0;
				TARGETED_DEVICE_FAMILY = "1,2";
				TEST_TARGET_NAME = qiita_hackathon;
			};
			name = Release;
		};
/* End XCBuildConfiguration section */

/* Begin XCConfigurationList section */
		1AD8B38D2B6B78E300C38E9D /* Build configuration list for PBXProject "qiita_hackathon" */ = {
			isa = XCConfigurationList;
			buildConfigurations = (
				1AD8B3BA2B6B78E600C38E9D /* Debug */,
				1AD8B3BB2B6B78E600C38E9D /* Release */,
			);
			defaultConfigurationIsVisible = 0;
			defaultConfigurationName = Release;
		};
		1AD8B3BC2B6B78E600C38E9D /* Build configuration list for PBXNativeTarget "qiita_hackathon" */ = {
			isa = XCConfigurationList;
			buildConfigurations = (
				1AD8B3BD2B6B78E600C38E9D /* Debug */,
				1AD8B3BE2B6B78E600C38E9D /* Release */,
			);
			defaultConfigurationIsVisible = 0;
			defaultConfigurationName = Release;
		};
		1AD8B3BF2B6B78E600C38E9D /* Build configuration list for PBXNativeTarget "qiita_hackathonTests" */ = {
			isa = XCConfigurationList;
			buildConfigurations = (
				1AD8B3C02B6B78E600C38E9D /* Debug */,
				1AD8B3C12B6B78E600C38E9D /* Release */,
			);
			defaultConfigurationIsVisible = 0;
			defaultConfigurationName = Release;
		};
		1AD8B3C22B6B78E600C38E9D /* Build configuration list for PBXNativeTarget "qiita_hackathonUITests" */ = {
			isa = XCConfigurationList;
			buildConfigurations = (
				1AD8B3C32B6B78E600C38E9D /* Debug */,
				1AD8B3C42B6B78E600C38E9D /* Release */,
			);
			defaultConfigurationIsVisible = 0;
			defaultConfigurationName = Release;
		};
/* End XCConfigurationList section */

/* Begin XCRemoteSwiftPackageReference section */
		1ABA1F542B6E457200D0BBA5 /* XCRemoteSwiftPackageReference "firebase-ios-sdk" */ = {
			isa = XCRemoteSwiftPackageReference;
			repositoryURL = "https://github.com/firebase/firebase-ios-sdk";
			requirement = {
				kind = upToNextMajorVersion;
				minimumVersion = 10.20.0;
			};
		};
/* End XCRemoteSwiftPackageReference section */
	};
	rootObject = 1AD8B38A2B6B78E300C38E9D /* Project object */;
}
